
Microsoft Visual Studio Solution File, Format Version 12.00
# Visual Studio Version 16
VisualStudioVersion = 16.0.29519.181
MinimumVisualStudioVersion = 10.0.40219.1
Project("{FAE04EC0-301F-11D3-BF4B-00C04F79EFBC}") = "ArrayMadness", "ArrayMadness\ArrayMadness.csproj", "{3F918845-F031-4425-B2DC-5E17AFB07589}"
EndProject
Global
	GlobalSection(SolutionConfigurationPlatforms) = preSolution
		Debug|Any CPU = Debug|Any CPU
		Release|Any CPU = Release|Any CPU
	EndGlobalSection
	GlobalSection(ProjectConfigurationPlatforms) = postSolution
		{3F918845-F031-4425-B2DC-5E17AFB07589}.Debug|Any CPU.ActiveCfg = Debug|Any CPU
		{3F918845-F031-4425-B2DC-5E17AFB07589}.Debug|Any CPU.Build.0 = Debug|Any CPU
		{3F918845-F031-4425-B2DC-5E17AFB07589}.Release|Any CPU.ActiveCfg = Release|Any CPU
		{3F918845-F031-4425-B2DC-5E17AFB07589}.Release|Any CPU.Build.0 = Release|Any CPU
	EndGlobalSection
	GlobalSection(SolutionProperties) = preSolution
		HideSolutionNode = FALSE
	EndGlobalSection
	GlobalSection(ExtensibilityGlobals) = postSolution
		SolutionGuid = {A10A45DE-65F3-4D74-A85F-798D278E3B01}
	EndGlobalSection
EndGlobal
