
Microsoft Visual Studio Solution File, Format Version 12.00
# Visual Studio Version 16
VisualStudioVersion = 16.0.29519.87
MinimumVisualStudioVersion = 10.0.40219.1
Project("{9A19103F-16F7-4668-BE54-9A1E7A4F7556}") = "IsUpperCase", "IsUpperCase.csproj", "{37002691-6C64-40A7-B2F5-3292093E94F4}"
EndProject
Project("{2150E333-8FDC-42A3-9474-1A3956D46DE8}") = "Solution Items", "Solution Items", "{2CEFF9A6-9DE7-434B-93F3-9E4EA48E5CCD}"
	ProjectSection(SolutionItems) = preProject
		Helper.cs = Helper.cs
	EndProjectSection
EndProject
Project("{9A19103F-16F7-4668-BE54-9A1E7A4F7556}") = "Between", "..\Between\Between.csproj", "{59DA39B7-66B9-4C43-92F8-5D0BAE318551}"
EndProject
Project("{9A19103F-16F7-4668-BE54-9A1E7A4F7556}") = "Romanian", "..\Romanian\Romanian.csproj", "{17BFB00F-A422-4A4D-809C-A03C49A777FD}"
EndProject
Project("{9A19103F-16F7-4668-BE54-9A1E7A4F7556}") = "ArrayMadness", "..\ArrayMadness\ArrayMadness\ArrayMadness.csproj", "{83ADB410-6477-49F7-92FA-5FD56604F182}"
EndProject
Project("{9A19103F-16F7-4668-BE54-9A1E7A4F7556}") = "ToBinary", "..\ToBinary\ToBinary.csproj", "{60810D06-60A5-4090-BCAE-1B21124DDC2F}"
EndProject
Project("{9A19103F-16F7-4668-BE54-9A1E7A4F7556}") = "Reverse", "..\Reverse\Reverse.csproj", "{D5BEE996-7A26-46C5-8A75-22C2DC5D352A}"
EndProject
Project("{9A19103F-16F7-4668-BE54-9A1E7A4F7556}") = "Swap", "..\Swap\Swap.csproj", "{67CCCA91-AE40-4BD6-8648-5581F8B83D9E}"
EndProject
Project("{FAE04EC0-301F-11D3-BF4B-00C04F79EFBC}") = "CountLetters", "..\CountLetters\CountLetters.csproj", "{571884AD-95A7-479D-BB9A-B83D3914DD52}"
EndProject
Global
	GlobalSection(SolutionConfigurationPlatforms) = preSolution
		Debug|Any CPU = Debug|Any CPU
		Release|Any CPU = Release|Any CPU
	EndGlobalSection
	GlobalSection(ProjectConfigurationPlatforms) = postSolution
		{37002691-6C64-40A7-B2F5-3292093E94F4}.Debug|Any CPU.ActiveCfg = Debug|Any CPU
		{37002691-6C64-40A7-B2F5-3292093E94F4}.Debug|Any CPU.Build.0 = Debug|Any CPU
		{37002691-6C64-40A7-B2F5-3292093E94F4}.Release|Any CPU.ActiveCfg = Release|Any CPU
		{37002691-6C64-40A7-B2F5-3292093E94F4}.Release|Any CPU.Build.0 = Release|Any CPU
		{59DA39B7-66B9-4C43-92F8-5D0BAE318551}.Debug|Any CPU.ActiveCfg = Debug|Any CPU
		{59DA39B7-66B9-4C43-92F8-5D0BAE318551}.Debug|Any CPU.Build.0 = Debug|Any CPU
		{59DA39B7-66B9-4C43-92F8-5D0BAE318551}.Release|Any CPU.ActiveCfg = Release|Any CPU
		{59DA39B7-66B9-4C43-92F8-5D0BAE318551}.Release|Any CPU.Build.0 = Release|Any CPU
		{17BFB00F-A422-4A4D-809C-A03C49A777FD}.Debug|Any CPU.ActiveCfg = Debug|Any CPU
		{17BFB00F-A422-4A4D-809C-A03C49A777FD}.Debug|Any CPU.Build.0 = Debug|Any CPU
		{17BFB00F-A422-4A4D-809C-A03C49A777FD}.Release|Any CPU.ActiveCfg = Release|Any CPU
		{17BFB00F-A422-4A4D-809C-A03C49A777FD}.Release|Any CPU.Build.0 = Release|Any CPU
		{83ADB410-6477-49F7-92FA-5FD56604F182}.Debug|Any CPU.ActiveCfg = Debug|Any CPU
		{83ADB410-6477-49F7-92FA-5FD56604F182}.Debug|Any CPU.Build.0 = Debug|Any CPU
		{83ADB410-6477-49F7-92FA-5FD56604F182}.Release|Any CPU.ActiveCfg = Release|Any CPU
		{83ADB410-6477-49F7-92FA-5FD56604F182}.Release|Any CPU.Build.0 = Release|Any CPU
		{60810D06-60A5-4090-BCAE-1B21124DDC2F}.Debug|Any CPU.ActiveCfg = Debug|Any CPU
		{60810D06-60A5-4090-BCAE-1B21124DDC2F}.Debug|Any CPU.Build.0 = Debug|Any CPU
		{60810D06-60A5-4090-BCAE-1B21124DDC2F}.Release|Any CPU.ActiveCfg = Release|Any CPU
		{60810D06-60A5-4090-BCAE-1B21124DDC2F}.Release|Any CPU.Build.0 = Release|Any CPU
		{D5BEE996-7A26-46C5-8A75-22C2DC5D352A}.Debug|Any CPU.ActiveCfg = Debug|Any CPU
		{D5BEE996-7A26-46C5-8A75-22C2DC5D352A}.Debug|Any CPU.Build.0 = Debug|Any CPU
		{D5BEE996-7A26-46C5-8A75-22C2DC5D352A}.Release|Any CPU.ActiveCfg = Release|Any CPU
		{D5BEE996-7A26-46C5-8A75-22C2DC5D352A}.Release|Any CPU.Build.0 = Release|Any CPU
		{67CCCA91-AE40-4BD6-8648-5581F8B83D9E}.Debug|Any CPU.ActiveCfg = Debug|Any CPU
		{67CCCA91-AE40-4BD6-8648-5581F8B83D9E}.Debug|Any CPU.Build.0 = Debug|Any CPU
		{67CCCA91-AE40-4BD6-8648-5581F8B83D9E}.Release|Any CPU.ActiveCfg = Release|Any CPU
		{67CCCA91-AE40-4BD6-8648-5581F8B83D9E}.Release|Any CPU.Build.0 = Release|Any CPU
		{571884AD-95A7-479D-BB9A-B83D3914DD52}.Debug|Any CPU.ActiveCfg = Debug|Any CPU
		{571884AD-95A7-479D-BB9A-B83D3914DD52}.Debug|Any CPU.Build.0 = Debug|Any CPU
		{571884AD-95A7-479D-BB9A-B83D3914DD52}.Release|Any CPU.ActiveCfg = Release|Any CPU
		{571884AD-95A7-479D-BB9A-B83D3914DD52}.Release|Any CPU.Build.0 = Release|Any CPU
	EndGlobalSection
	GlobalSection(SolutionProperties) = preSolution
		HideSolutionNode = FALSE
	EndGlobalSection
	GlobalSection(ExtensibilityGlobals) = postSolution
		SolutionGuid = {C4914E24-9C5B-4075-AC30-F0B2929865D3}
	EndGlobalSection
EndGlobal
